# THIS IS AN AUTOGENERATED FILE. DO NOT EDIT THIS FILE DIRECTLY.
# yarn lockfile v1


add-event-listener@0.0.1:
  version "0.0.1"
  resolved "https://registry.yarnpkg.com/add-event-listener/-/add-event-listener-0.0.1.tgz#a76229ebc64c8aefae204a16273a2f255abea2d0"

an-array@^1.0.0:
  version "1.0.0"
  resolved "https://registry.yarnpkg.com/an-array/-/an-array-1.0.0.tgz#c125a5bb8257778e35f4b4f6aa9c7d0fa9e42665"

as-number@^1.0.0:
  version "1.0.0"
  resolved "https://registry.yarnpkg.com/as-number/-/as-number-1.0.0.tgz#acb27e34f8f9d8ab0da9e376f3b8959860f80a66"

canvas-app@^2.4.0:
  version "2.4.1"
  resolved "https://registry.yarnpkg.com/canvas-app/-/canvas-app-2.4.1.tgz#493cdbd808cd62de9def6f4fd181592da9a7e5f4"
  dependencies:
    add-event-listener "0.0.1"
    debounce "^1.0.0"
    is-webgl-context "^1.0.0"
    webgl-context "^1.2.1"

d3@^3.5.6:
  version "3.5.17"
  resolved "https://registry.yarnpkg.com/d3/-/d3-3.5.17.tgz#bc46748004378b21a360c9fc7cf5231790762fb8"

debounce@^1.0.0:
  version "1.1.0"
  resolved "https://registry.yarnpkg.com/debounce/-/debounce-1.1.0.tgz#6a1a4ee2a9dc4b7c24bb012558dbcdb05b37f408"

dtype@^2.0.0:
  version "2.0.0"
  resolved "https://registry.yarnpkg.com/dtype/-/dtype-2.0.0.tgz#cd052323ce061444ecd2e8f5748f69a29be28434"

events@^1.0.2:
  version "1.1.1"
  resolved "https://registry.yarnpkg.com/events/-/events-1.1.1.tgz#9ebdb7635ad099c70dcc4c2a1f5004288e8bd924"

inherits@^2.0.1:
  version "2.0.3"
  resolved "https://registry.yarnpkg.com/inherits/-/inherits-2.0.3.tgz#633c2c83e3da42a502f52466022480f4208261de"

is-buffer@^1.0.2:
  version "1.1.6"
  resolved "https://registry.yarnpkg.com/is-buffer/-/is-buffer-1.1.6.tgz#efaa2ea9daa0d7ab2ea13a97b2b8ad51fefbe8be"

is-webgl-context@^1.0.0:
  version "1.1.0"
  resolved "https://registry.yarnpkg.com/is-webgl-context/-/is-webgl-context-1.1.0.tgz#0eecd0ef6b63c66cf47cabbce2e2ca3bc147ef53"

layout-bmfont-text@^1.2.0:
  version "1.3.4"
  resolved "https://registry.yarnpkg.com/layout-bmfont-text/-/layout-bmfont-text-1.3.4.tgz#f20f2c5464774f48da6ce8a997fbce6d46945b81"
  dependencies:
    as-number "^1.0.0"
    word-wrapper "^1.0.7"
    xtend "^4.0.0"

quad-indices@^2.0.1:
  version "2.0.1"
  resolved "https://registry.yarnpkg.com/quad-indices/-/quad-indices-2.0.1.tgz#a6941d89a13d63eed6c1d4a5a621a0463617a814"
  dependencies:
    an-array "^1.0.0"
    dtype "^2.0.0"
    is-buffer "^1.0.2"

three-bmfont-text@^1.1.1:
  version "1.2.0"
  resolved "https://registry.yarnpkg.com/three-bmfont-text/-/three-bmfont-text-1.2.0.tgz#26516361819136511b3cb6d2493bae22a0bb3120"
  dependencies:
    inherits "^2.0.1"
    layout-bmfont-text "^1.2.0"
    quad-indices "^2.0.1"
    xtend "^4.0.0"

three-orbit-controls@~0.69.0:
  version "0.69.0"
  resolved "https://registry.yarnpkg.com/three-orbit-controls/-/three-orbit-controls-0.69.0.tgz#9d8707c083f4802b72beb369f4038dcb3bd8362f"

three-orbit-viewer@^69.3.0:
  version "69.3.1"
  resolved "https://registry.yarnpkg.com/three-orbit-viewer/-/three-orbit-viewer-69.3.1.tgz#41b96c158730e35216caff390da0304bab0cdb5b"
  dependencies:
    as-number "^1.0.0"
    canvas-app "^2.4.0"
    events "^1.0.2"
    three-orbit-controls "~0.69.0"
    xtend "^4.0.0"

three@^0.71.0:
  version "0.71.1"
  resolved "https://registry.yarnpkg.com/three/-/three-0.71.1.tgz#9010c7d2ab7ff3300216e5ff20b2ae6dd403fd7b"

webgl-context@^1.2.1:
  version "1.2.1"
  resolved "https://registry.yarnpkg.com/webgl-context/-/webgl-context-1.2.1.tgz#8ab965ed1f006a32b86741f8becd0ded32ad526c"

word-wrapper@^1.0.7:
  version "1.0.7"
  resolved "https://registry.yarnpkg.com/word-wrapper/-/word-wrapper-1.0.7.tgz#1f14afebf66dfdf0fef55efd37184efbd08c28b6"

xtend@^4.0.0:
  version "4.0.1"
  resolved "https://registry.yarnpkg.com/xtend/-/xtend-4.0.1.tgz#a5c6d532be656e23db820efb943a1f04998d63af"
